{
  "name": "ai-to-figma-skill-runtime",
  "lockfileVersion": 3,
  "requires": true,
  "packages": {
    "": {
      "name": "ai-to-figma-skill-runtime",
      "dependencies": {
        "@mingcute/svg": "3.0.2"
      }
    },
    "node_modules/@mingcute/svg": {
      "version": "3.0.2",
      "resolved": "https://registry.npmjs.org/@mingcute/svg/-/svg-3.0.2.tgz",
      "integrity": "sha512-M9l+tNgXibeAJ/QMjmnRlHY/G5T0YgEu+ieM0tRfZ6UAHo7Qr40sVdUM8KXoikB2B/NEnyf5lSAkpiwBx497IQ==",
      "license": "Apache-2.0"
    }
  }
}
